// !$*UTF8*$!
{
	archiveVersion = 1;
	classes = {
	};
	objectVersion = 55;
	objects = {

/* Begin PBXBuildFile section */
		5239712727DF974C00B2F29D /* AppDelegate.swift in Sources */ = {isa = PBXBuildFile; fileRef = 5239712627DF974C00B2F29D /* AppDelegate.swift */; };
		5239712927DF974C00B2F29D /* SceneDelegate.swift in Sources */ = {isa = PBXBuildFile; fileRef = 5239712827DF974C00B2F29D /* SceneDelegate.swift */; };
		5239712B27DF974C00B2F29D /* TransportDetailsVC.swift in Sources */ = {isa = PBXBuildFile; fileRef = 5239712A27DF974C00B2F29D /* TransportDetailsVC.swift */; };
		5239713027DF974D00B2F29D /* Assets.xcassets in Resources */ = {isa = PBXBuildFile; fileRef = 5239712F27DF974D00B2F29D /* Assets.xcassets */; };
		5239713327DF974D00B2F29D /* LaunchScreen.storyboard in Resources */ = {isa = PBXBuildFile; fileRef = 5239713127DF974D00B2F29D /* LaunchScreen.storyboard */; };
		5244DFF627F3823B00D32C6B /* CustomCell.swift in Sources */ = {isa = PBXBuildFile; fileRef = 5244DFF527F3823B00D32C6B /* CustomCell.swift */; };
		52A79C5927F1E94000C15103 /* SnapKit in Frameworks */ = {isa = PBXBuildFile; productRef = 52A79C5827F1E94000C15103 /* SnapKit */; };
		52A79C5D27F236A400C15103 /* CustomImageView.swift in Sources */ = {isa = PBXBuildFile; fileRef = 52A79C5C27F236A400C15103 /* CustomImageView.swift */; };
		52A79C5F27F23F4400C15103 /* CustomTextField.swift in Sources */ = {isa = PBXBuildFile; fileRef = 52A79C5E27F23F4400C15103 /* CustomTextField.swift */; };
		52A79C6127F24B6200C15103 /* CustomAlertView.swift in Sources */ = {isa = PBXBuildFile; fileRef = 52A79C6027F24B6200C15103 /* CustomAlertView.swift */; };
		52B7F8B227F35A71008CBACF /* CustomButton.swift in Sources */ = {isa = PBXBuildFile; fileRef = 52B7F8B127F35A71008CBACF /* CustomButton.swift */; };
		52C73C3D27DFA5E00085CC8C /* SearchVC.swift in Sources */ = {isa = PBXBuildFile; fileRef = 52C73C3C27DFA5E00085CC8C /* SearchVC.swift */; };
		52C73C4127DFA6610085CC8C /* ImagesVC.swift in Sources */ = {isa = PBXBuildFile; fileRef = 52C73C4027DFA6610085CC8C /* ImagesVC.swift */; };
/* End PBXBuildFile section */

/* Begin PBXFileReference section */
		5239712327DF974C00B2F29D /* sofascore-academy.app */ = {isa = PBXFileReference; explicitFileType = wrapper.application; includeInIndex = 0; path = "sofascore-academy.app"; sourceTree = BUILT_PRODUCTS_DIR; };
		5239712627DF974C00B2F29D /* AppDelegate.swift */ = {isa = PBXFileReference; lastKnownFileType = sourcecode.swift; path = AppDelegate.swift; sourceTree = "<group>"; };
		5239712827DF974C00B2F29D /* SceneDelegate.swift */ = {isa = PBXFileReference; lastKnownFileType = sourcecode.swift; path = SceneDelegate.swift; sourceTree = "<group>"; };
		5239712A27DF974C00B2F29D /* TransportDetailsVC.swift */ = {isa = PBXFileReference; lastKnownFileType = sourcecode.swift; path = TransportDetailsVC.swift; sourceTree = "<group>"; };
		5239712F27DF974D00B2F29D /* Assets.xcassets */ = {isa = PBXFileReference; lastKnownFileType = folder.assetcatalog; path = Assets.xcassets; sourceTree = "<group>"; };
		5239713227DF974D00B2F29D /* Base */ = {isa = PBXFileReference; lastKnownFileType = file.storyboard; name = Base; path = Base.lproj/LaunchScreen.storyboard; sourceTree = "<group>"; };
		5239713427DF974D00B2F29D /* Info.plist */ = {isa = PBXFileReference; lastKnownFileType = text.plist.xml; path = Info.plist; sourceTree = "<group>"; };
		5244DFF527F3823B00D32C6B /* CustomCell.swift */ = {isa = PBXFileReference; lastKnownFileType = sourcecode.swift; path = CustomCell.swift; sourceTree = "<group>"; };
		52A79C5C27F236A400C15103 /* CustomImageView.swift */ = {isa = PBXFileReference; lastKnownFileType = sourcecode.swift; path = CustomImageView.swift; sourceTree = "<group>"; };
		52A79C5E27F23F4400C15103 /* CustomTextField.swift */ = {isa = PBXFileReference; lastKnownFileType = sourcecode.swift; path = CustomTextField.swift; sourceTree = "<group>"; };
		52A79C6027F24B6200C15103 /* CustomAlertView.swift */ = {isa = PBXFileReference; lastKnownFileType = sourcecode.swift; path = CustomAlertView.swift; sourceTree = "<group>"; };
		52B7F8B127F35A71008CBACF /* CustomButton.swift */ = {isa = PBXFileReference; lastKnownFileType = sourcecode.swift; path = CustomButton.swift; sourceTree = "<group>"; };
		52C73C3C27DFA5E00085CC8C /* SearchVC.swift */ = {isa = PBXFileReference; lastKnownFileType = sourcecode.swift; path = SearchVC.swift; sourceTree = "<group>"; };
		52C73C4027DFA6610085CC8C /* ImagesVC.swift */ = {isa = PBXFileReference; lastKnownFileType = sourcecode.swift; path = ImagesVC.swift; sourceTree = "<group>"; };
/* End PBXFileReference section */

/* Begin PBXFrameworksBuildPhase section */
		5239712027DF974B00B2F29D /* Frameworks */ = {
			isa = PBXFrameworksBuildPhase;
			buildActionMask = 2147483647;
			files = (
				52A79C5927F1E94000C15103 /* SnapKit in Frameworks */,
			);
			runOnlyForDeploymentPostprocessing = 0;
		};
/* End PBXFrameworksBuildPhase section */

/* Begin PBXGroup section */
		5239711A27DF974B00B2F29D = {
			isa = PBXGroup;
			children = (
				5239712527DF974C00B2F29D /* sofascore-academy */,
				5239712427DF974C00B2F29D /* Products */,
			);
			sourceTree = "<group>";
		};
		5239712427DF974C00B2F29D /* Products */ = {
			isa = PBXGroup;
			children = (
				5239712327DF974C00B2F29D /* sofascore-academy.app */,
			);
			name = Products;
			sourceTree = "<group>";
		};
		5239712527DF974C00B2F29D /* sofascore-academy */ = {
			isa = PBXGroup;
			children = (
				52B7F8B027F35866008CBACF /* Initialization */,
				52A79C5B27F2368600C15103 /* Views */,
				52A79C5A27F2367000C15103 /* ViewControllers */,
				5239713427DF974D00B2F29D /* Info.plist */,
			);
			path = "sofascore-academy";
			sourceTree = "<group>";
		};
		52A79C5A27F2367000C15103 /* ViewControllers */ = {
			isa = PBXGroup;
			children = (
				5239712A27DF974C00B2F29D /* TransportDetailsVC.swift */,
				52C73C3C27DFA5E00085CC8C /* SearchVC.swift */,
				52C73C4027DFA6610085CC8C /* ImagesVC.swift */,
			);
			path = ViewControllers;
			sourceTree = "<group>";
		};
		52A79C5B27F2368600C15103 /* Views */ = {
			isa = PBXGroup;
			children = (
				52A79C5C27F236A400C15103 /* CustomImageView.swift */,
				52A79C5E27F23F4400C15103 /* CustomTextField.swift */,
				52A79C6027F24B6200C15103 /* CustomAlertView.swift */,
				52B7F8B127F35A71008CBACF /* CustomButton.swift */,
				5244DFF527F3823B00D32C6B /* CustomCell.swift */,
			);
			path = Views;
			sourceTree = "<group>";
		};
		52B7F8B027F35866008CBACF /* Initialization */ = {
			isa = PBXGroup;
			children = (
				5239712627DF974C00B2F29D /* AppDelegate.swift */,
				5239712827DF974C00B2F29D /* SceneDelegate.swift */,
				5239712F27DF974D00B2F29D /* Assets.xcassets */,
				5239713127DF974D00B2F29D /* LaunchScreen.storyboard */,
			);
			path = Initialization;
			sourceTree = "<group>";
		};
/* End PBXGroup section */

/* Begin PBXNativeTarget section */
		5239712227DF974B00B2F29D /* sofascore-academy */ = {
			isa = PBXNativeTarget;
			buildConfigurationList = 5239713727DF974D00B2F29D /* Build configuration list for PBXNativeTarget "sofascore-academy" */;
			buildPhases = (
				5239711F27DF974B00B2F29D /* Sources */,
				5239712027DF974B00B2F29D /* Frameworks */,
				5239712127DF974B00B2F29D /* Resources */,
			);
			buildRules = (
			);
			dependencies = (
			);
			name = "sofascore-academy";
			packageProductDependencies = (
				52A79C5827F1E94000C15103 /* SnapKit */,
			);
			productName = "sofascore-academy";
			productReference = 5239712327DF974C00B2F29D /* sofascore-academy.app */;
			productType = "com.apple.product-type.application";
		};
/* End PBXNativeTarget section */

/* Begin PBXProject section */
		5239711B27DF974B00B2F29D /* Project object */ = {
			isa = PBXProject;
			attributes = {
				BuildIndependentTargetsInParallel = 1;
				LastSwiftUpdateCheck = 1320;
				LastUpgradeCheck = 1320;
				TargetAttributes = {
					5239712227DF974B00B2F29D = {
						CreatedOnToolsVersion = 13.2.1;
					};
				};
			};
			buildConfigurationList = 5239711E27DF974B00B2F29D /* Build configuration list for PBXProject "sofascore-academy" */;
			compatibilityVersion = "Xcode 13.0";
			developmentRegion = en;
			hasScannedForEncodings = 0;
			knownRegions = (
				en,
				Base,
			);
			mainGroup = 5239711A27DF974B00B2F29D;
			packageReferences = (
				52A79C5727F1E94000C15103 /* XCRemoteSwiftPackageReference "SnapKit" */,
			);
			productRefGroup = 5239712427DF974C00B2F29D /* Products */;
			projectDirPath = "";
			projectRoot = "";
			targets = (
				5239712227DF974B00B2F29D /* sofascore-academy */,
			);
		};
/* End PBXProject section */

/* Begin PBXResourcesBuildPhase section */
		5239712127DF974B00B2F29D /* Resources */ = {
			isa = PBXResourcesBuildPhase;
			buildActionMask = 2147483647;
			files = (
				5239713327DF974D00B2F29D /* LaunchScreen.storyboard in Resources */,
				5239713027DF974D00B2F29D /* Assets.xcassets in Resources */,
			);
			runOnlyForDeploymentPostprocessing = 0;
		};
/* End PBXResourcesBuildPhase section */

/* Begin PBXSourcesBuildPhase section */
		5239711F27DF974B00B2F29D /* Sources */ = {
			isa = PBXSourcesBuildPhase;
			buildActionMask = 2147483647;
			files = (
				52A79C5F27F23F4400C15103 /* CustomTextField.swift in Sources */,
				5239712B27DF974C00B2F29D /* TransportDetailsVC.swift in Sources */,
				5244DFF627F3823B00D32C6B /* CustomCell.swift in Sources */,
				52B7F8B227F35A71008CBACF /* CustomButton.swift in Sources */,
				52A79C5D27F236A400C15103 /* CustomImageView.swift in Sources */,
				5239712727DF974C00B2F29D /* AppDelegate.swift in Sources */,
				52C73C3D27DFA5E00085CC8C /* SearchVC.swift in Sources */,
				52C73C4127DFA6610085CC8C /* ImagesVC.swift in Sources */,
				5239712927DF974C00B2F29D /* SceneDelegate.swift in Sources */,
				52A79C6127F24B6200C15103 /* CustomAlertView.swift in Sources */,
			);
			runOnlyForDeploymentPostprocessing = 0;
		};
/* End PBXSourcesBuildPhase section */

/* Begin PBXVariantGroup section */
		5239713127DF974D00B2F29D /* LaunchScreen.storyboard */ = {
			isa = PBXVariantGroup;
			children = (
				5239713227DF974D00B2F29D /* Base */,
			);
			name = LaunchScreen.storyboard;
			sourceTree = "<group>";
		};
/* End PBXVariantGroup section */

/* Begin XCBuildConfiguration section */
		5239713527DF974D00B2F29D /* Debug */ = {
			isa = XCBuildConfiguration;
			buildSettings = {
				ALWAYS_SEARCH_USER_PATHS = NO;
				CLANG_ANALYZER_NONNULL = YES;
				CLANG_ANALYZER_NUMBER_OBJECT_CONVERSION = YES_AGGRESSIVE;
				CLANG_CXX_LANGUAGE_STANDARD = "gnu++17";
				CLANG_CXX_LIBRARY = "libc++";
				CLANG_ENABLE_MODULES = YES;
				CLANG_ENABLE_OBJC_ARC = YES;
				CLANG_ENABLE_OBJC_WEAK = YES;
				CLANG_WARN_BLOCK_CAPTURE_AUTORELEASING = YES;
				CLANG_WARN_BOOL_CONVERSION = YES;
				CLANG_WARN_COMMA = YES;
				CLANG_WARN_CONSTANT_CONVERSION = YES;
				CLANG_WARN_DEPRECATED_OBJC_IMPLEMENTATIONS = YES;
				CLANG_WARN_DIRECT_OBJC_ISA_USAGE = YES_ERROR;
				CLANG_WARN_DOCUMENTATION_COMMENTS = YES;
				CLANG_WARN_EMPTY_BODY = YES;
				CLANG_WARN_ENUM_CONVERSION = YES;
				CLANG_WARN_INFINITE_RECURSION = YES;
				CLANG_WARN_INT_CONVERSION = YES;
				CLANG_WARN_NON_LITERAL_NULL_CONVERSION = YES;
				CLANG_WARN_OBJC_IMPLICIT_RETAIN_SELF = YES;
				CLANG_WARN_OBJC_LITERAL_CONVERSION = YES;
				CLANG_WARN_OBJC_ROOT_CLASS = YES_ERROR;
				CLANG_WARN_QUOTED_INCLUDE_IN_FRAMEWORK_HEADER = YES;
				CLANG_WARN_RANGE_LOOP_ANALYSIS = YES;
				CLANG_WARN_STRICT_PROTOTYPES = YES;
				CLANG_WARN_SUSPICIOUS_MOVE = YES;
				CLANG_WARN_UNGUARDED_AVAILABILITY = YES_AGGRESSIVE;
				CLANG_WARN_UNREACHABLE_CODE = YES;
				CLANG_WARN__DUPLICATE_METHOD_MATCH = YES;
				COPY_PHASE_STRIP = NO;
				DEBUG_INFORMATION_FORMAT = dwarf;
				ENABLE_STRICT_OBJC_MSGSEND = YES;
				ENABLE_TESTABILITY = YES;
				GCC_C_LANGUAGE_STANDARD = gnu11;
				GCC_DYNAMIC_NO_PIC = NO;
				GCC_NO_COMMON_BLOCKS = YES;
				GCC_OPTIMIZATION_LEVEL = 0;
				GCC_PREPROCESSOR_DEFINITIONS = (
					"DEBUG=1",
					"$(inherited)",
				);
				GCC_WARN_64_TO_32_BIT_CONVERSION = YES;
				GCC_WARN_ABOUT_RETURN_TYPE = YES_ERROR;
				GCC_WARN_UNDECLARED_SELECTOR = YES;
				GCC_WARN_UNINITIALIZED_AUTOS = YES_AGGRESSIVE;
				GCC_WARN_UNUSED_FUNCTION = YES;
				GCC_WARN_UNUSED_VARIABLE = YES;
				IPHONEOS_DEPLOYMENT_TARGET = 15.2;
				MTL_ENABLE_DEBUG_INFO = INCLUDE_SOURCE;
				MTL_FAST_MATH = YES;
				ONLY_ACTIVE_ARCH = YES;
				SDKROOT = iphoneos;
				SWIFT_ACTIVE_COMPILATION_CONDITIONS = DEBUG;
				SWIFT_OPTIMIZATION_LEVEL = "-Onone";
			};
			name = Debug;
		};
		5239713627DF974D00B2F29D /* Release */ = {
			isa = XCBuildConfiguration;
			buildSettings = {
				ALWAYS_SEARCH_USER_PATHS = NO;
				CLANG_ANALYZER_NONNULL = YES;
				CLANG_ANALYZER_NUMBER_OBJECT_CONVERSION = YES_AGGRESSIVE;
				CLANG_CXX_LANGUAGE_STANDARD = "gnu++17";
				CLANG_CXX_LIBRARY = "libc++";
				CLANG_ENABLE_MODULES = YES;
				CLANG_ENABLE_OBJC_ARC = YES;
				CLANG_ENABLE_OBJC_WEAK = YES;
				CLANG_WARN_BLOCK_CAPTURE_AUTORELEASING = YES;
				CLANG_WARN_BOOL_CONVERSION = YES;
				CLANG_WARN_COMMA = YES;
				CLANG_WARN_CONSTANT_CONVERSION = YES;
				CLANG_WARN_DEPRECATED_OBJC_IMPLEMENTATIONS = YES;
				CLANG_WARN_DIRECT_OBJC_ISA_USAGE = YES_ERROR;
				CLANG_WARN_DOCUMENTATION_COMMENTS = YES;
				CLANG_WARN_EMPTY_BODY = YES;
				CLANG_WARN_ENUM_CONVERSION = YES;
				CLANG_WARN_INFINITE_RECURSION = YES;
				CLANG_WARN_INT_CONVERSION = YES;
				CLANG_WARN_NON_LITERAL_NULL_CONVERSION = YES;
				CLANG_WARN_OBJC_IMPLICIT_RETAIN_SELF = YES;
				CLANG_WARN_OBJC_LITERAL_CONVERSION = YES;
				CLANG_WARN_OBJC_ROOT_CLASS = YES_ERROR;
				CLANG_WARN_QUOTED_INCLUDE_IN_FRAMEWORK_HEADER = YES;
				CLANG_WARN_RANGE_LOOP_ANALYSIS = YES;
				CLANG_WARN_STRICT_PROTOTYPES = YES;
				CLANG_WARN_SUSPICIOUS_MOVE = YES;
				CLANG_WARN_UNGUARDED_AVAILABILITY = YES_AGGRESSIVE;
				CLANG_WARN_UNREACHABLE_CODE = YES;
				CLANG_WARN__DUPLICATE_METHOD_MATCH = YES;
				COPY_PHASE_STRIP = NO;
				DEBUG_INFORMATION_FORMAT = "dwarf-with-dsym";
				ENABLE_NS_ASSERTIONS = NO;
				ENABLE_STRICT_OBJC_MSGSEND = YES;
				GCC_C_LANGUAGE_STANDARD = gnu11;
				GCC_NO_COMMON_BLOCKS = YES;
				GCC_WARN_64_TO_32_BIT_CONVERSION = YES;
				GCC_WARN_ABOUT_RETURN_TYPE = YES_ERROR;
				GCC_WARN_UNDECLARED_SELECTOR = YES;
				GCC_WARN_UNINITIALIZED_AUTOS = YES_AGGRESSIVE;
				GCC_WARN_UNUSED_FUNCTION = YES;
				GCC_WARN_UNUSED_VARIABLE = YES;
				IPHONEOS_DEPLOYMENT_TARGET = 15.2;
				MTL_ENABLE_DEBUG_INFO = NO;
				MTL_FAST_MATH = YES;
				SDKROOT = iphoneos;
				SWIFT_COMPILATION_MODE = wholemodule;
				SWIFT_OPTIMIZATION_LEVEL = "-O";
				VALIDATE_PRODUCT = YES;
			};
			name = Release;
		};
		5239713827DF974D00B2F29D /* Debug */ = {
			isa = XCBuildConfiguration;
			buildSettings = {
				ASSETCATALOG_COMPILER_APPICON_NAME = AppIcon;
				ASSETCATALOG_COMPILER_GLOBAL_ACCENT_COLOR_NAME = AccentColor;
				CODE_SIGN_STYLE = Automatic;
				CURRENT_PROJECT_VERSION = 1;
				GENERATE_INFOPLIST_FILE = YES;
				INFOPLIST_FILE = "sofascore-academy/Info.plist";
				INFOPLIST_KEY_UIApplicationSupportsIndirectInputEvents = YES;
				INFOPLIST_KEY_UILaunchStoryboardName = LaunchScreen;
				INFOPLIST_KEY_UISupportedInterfaceOrientations_iPad = "UIInterfaceOrientationPortrait UIInterfaceOrientationPortraitUpsideDown UIInterfaceOrientationLandscapeLeft UIInterfaceOrientationLandscapeRight";
				INFOPLIST_KEY_UISupportedInterfaceOrientations_iPhone = "UIInterfaceOrientationPortrait UIInterfaceOrientationLandscapeLeft UIInterfaceOrientationLandscapeRight";
				LD_RUNPATH_SEARCH_PATHS = (
					"$(inherited)",
					"@executable_path/Frameworks",
				);
				MARKETING_VERSION = 1.0;
				PRODUCT_BUNDLE_IDENTIFIER = "co.josipa.sofascore-academy";
				PRODUCT_NAME = "$(TARGET_NAME)";
				SWIFT_EMIT_LOC_STRINGS = YES;
				SWIFT_VERSION = 5.0;
				TARGETED_DEVICE_FAMILY = 1;
			};
			name = Debug;
		};
		5239713927DF974D00B2F29D /* Release */ = {
			isa = XCBuildConfiguration;
			buildSettings = {
				ASSETCATALOG_COMPILER_APPICON_NAME = AppIcon;
				ASSETCATALOG_COMPILER_GLOBAL_ACCENT_COLOR_NAME = AccentColor;
				CODE_SIGN_STYLE = Automatic;
				CURRENT_PROJECT_VERSION = 1;
				GENERATE_INFOPLIST_FILE = YES;
				INFOPLIST_FILE = "sofascore-academy/Info.plist";
				INFOPLIST_KEY_UIApplicationSupportsIndirectInputEvents = YES;
				INFOPLIST_KEY_UILaunchStoryboardName = LaunchScreen;
				INFOPLIST_KEY_UISupportedInterfaceOrientations_iPad = "UIInterfaceOrientationPortrait UIInterfaceOrientationPortraitUpsideDown UIInterfaceOrientationLandscapeLeft UIInterfaceOrientationLandscapeRight";
				INFOPLIST_KEY_UISupportedInterfaceOrientations_iPhone = "UIInterfaceOrientationPortrait UIInterfaceOrientationLandscapeLeft UIInterfaceOrientationLandscapeRight";
				LD_RUNPATH_SEARCH_PATHS = (
					"$(inherited)",
					"@executable_path/Frameworks",
				);
				MARKETING_VERSION = 1.0;
				PRODUCT_BUNDLE_IDENTIFIER = "co.josipa.sofascore-academy";
				PRODUCT_NAME = "$(TARGET_NAME)";
				SWIFT_EMIT_LOC_STRINGS = YES;
				SWIFT_VERSION = 5.0;
				TARGETED_DEVICE_FAMILY = 1;
			};
			name = Release;
		};
/* End XCBuildConfiguration section */

/* Begin XCConfigurationList section */
		5239711E27DF974B00B2F29D /* Build configuration list for PBXProject "sofascore-academy" */ = {
			isa = XCConfigurationList;
			buildConfigurations = (
				5239713527DF974D00B2F29D /* Debug */,
				5239713627DF974D00B2F29D /* Release */,
			);
			defaultConfigurationIsVisible = 0;
			defaultConfigurationName = Release;
		};
		5239713727DF974D00B2F29D /* Build configuration list for PBXNativeTarget "sofascore-academy" */ = {
			isa = XCConfigurationList;
			buildConfigurations = (
				5239713827DF974D00B2F29D /* Debug */,
				5239713927DF974D00B2F29D /* Release */,
			);
			defaultConfigurationIsVisible = 0;
			defaultConfigurationName = Release;
		};
/* End XCConfigurationList section */

/* Begin XCRemoteSwiftPackageReference section */
		52A79C5727F1E94000C15103 /* XCRemoteSwiftPackageReference "SnapKit" */ = {
			isa = XCRemoteSwiftPackageReference;
			repositoryURL = "https://github.com/SnapKit/SnapKit.git";
			requirement = {
				kind = upToNextMajorVersion;
				minimumVersion = 5.0.0;
			};
		};
/* End XCRemoteSwiftPackageReference section */

/* Begin XCSwiftPackageProductDependency section */
		52A79C5827F1E94000C15103 /* SnapKit */ = {
			isa = XCSwiftPackageProductDependency;
			package = 52A79C5727F1E94000C15103 /* XCRemoteSwiftPackageReference "SnapKit" */;
			productName = SnapKit;
		};
/* End XCSwiftPackageProductDependency section */
	};
	rootObject = 5239711B27DF974B00B2F29D /* Project object */;
}
